// !$*UTF8*$!
{
	archiveVersion = 1;
	classes = {
	};
	objectVersion = 46;
	objects = {

/* Begin PBXBuildFile section */
		0F939B141F184BC100D6774B /* VideoTableViewCell.swift in Sources */ = {isa = PBXBuildFile; fileRef = 0F939B131F184BC100D6774B /* VideoTableViewCell.swift */; };
		0F939B161F18997F00D6774B /* VideoDetailViewController.swift in Sources */ = {isa = PBXBuildFile; fileRef = 0F939B151F18997F00D6774B /* VideoDetailViewController.swift */; };
		0FB9BA8B1F171E9000BC113B /* AppDelegate.swift in Sources */ = {isa = PBXBuildFile; fileRef = 0FB9BA8A1F171E9000BC113B /* AppDelegate.swift */; };
		0FB9BA8D1F171E9000BC113B /* ViewController.swift in Sources */ = {isa = PBXBuildFile; fileRef = 0FB9BA8C1F171E9000BC113B /* ViewController.swift */; };
		0FB9BA901F171E9000BC113B /* Main.storyboard in Resources */ = {isa = PBXBuildFile; fileRef = 0FB9BA8E1F171E9000BC113B /* Main.storyboard */; };
		0FB9BA921F171E9000BC113B /* Assets.xcassets in Resources */ = {isa = PBXBuildFile; fileRef = 0FB9BA911F171E9000BC113B /* Assets.xcassets */; };
		0FB9BA951F171E9000BC113B /* LaunchScreen.storyboard in Resources */ = {isa = PBXBuildFile; fileRef = 0FB9BA931F171E9000BC113B /* LaunchScreen.storyboard */; };
		0FB9BAA01F171E9000BC113B /* Youtube_video_listTests.swift in Sources */ = {isa = PBXBuildFile; fileRef = 0FB9BA9F1F171E9000BC113B /* Youtube_video_listTests.swift */; };
		0FB9BAAB1F171E9000BC113B /* Youtube_video_listUITests.swift in Sources */ = {isa = PBXBuildFile; fileRef = 0FB9BAAA1F171E9000BC113B /* Youtube_video_listUITests.swift */; };
		0FB9BAB91F172BB100BC113B /* Video.swift in Sources */ = {isa = PBXBuildFile; fileRef = 0FB9BAB81F172BB100BC113B /* Video.swift */; };
		0FB9BABB1F172D9D00BC113B /* VideoModel.swift in Sources */ = {isa = PBXBuildFile; fileRef = 0FB9BABA1F172D9D00BC113B /* VideoModel.swift */; };
/* End PBXBuildFile section */

/* Begin PBXContainerItemProxy section */
		0FB9BA9C1F171E9000BC113B /* PBXContainerItemProxy */ = {
			isa = PBXContainerItemProxy;
			containerPortal = 0FB9BA7F1F171E9000BC113B /* Project object */;
			proxyType = 1;
			remoteGlobalIDString = 0FB9BA861F171E9000BC113B;
			remoteInfo = "Youtube-video-list";
		};
		0FB9BAA71F171E9000BC113B /* PBXContainerItemProxy */ = {
			isa = PBXContainerItemProxy;
			containerPortal = 0FB9BA7F1F171E9000BC113B /* Project object */;
			proxyType = 1;
			remoteGlobalIDString = 0FB9BA861F171E9000BC113B;
			remoteInfo = "Youtube-video-list";
		};
/* End PBXContainerItemProxy section */

/* Begin PBXFileReference section */
		0F939B131F184BC100D6774B /* VideoTableViewCell.swift */ = {isa = PBXFileReference; fileEncoding = 4; lastKnownFileType = sourcecode.swift; path = VideoTableViewCell.swift; sourceTree = "<group>"; };
		0F939B151F18997F00D6774B /* VideoDetailViewController.swift */ = {isa = PBXFileReference; fileEncoding = 4; lastKnownFileType = sourcecode.swift; path = VideoDetailViewController.swift; sourceTree = "<group>"; };
		0FB9BA871F171E9000BC113B /* Youtube-video-list.app */ = {isa = PBXFileReference; explicitFileType = wrapper.application; includeInIndex = 0; path = "Youtube-video-list.app"; sourceTree = BUILT_PRODUCTS_DIR; };
		0FB9BA8A1F171E9000BC113B /* AppDelegate.swift */ = {isa = PBXFileReference; lastKnownFileType = sourcecode.swift; path = AppDelegate.swift; sourceTree = "<group>"; };
		0FB9BA8C1F171E9000BC113B /* ViewController.swift */ = {isa = PBXFileReference; lastKnownFileType = sourcecode.swift; path = ViewController.swift; sourceTree = "<group>"; };
		0FB9BA8F1F171E9000BC113B /* Base */ = {isa = PBXFileReference; lastKnownFileType = file.storyboard; name = Base; path = Base.lproj/Main.storyboard; sourceTree = "<group>"; };
		0FB9BA911F171E9000BC113B /* Assets.xcassets */ = {isa = PBXFileReference; lastKnownFileType = folder.assetcatalog; path = Assets.xcassets; sourceTree = "<group>"; };
		0FB9BA941F171E9000BC113B /* Base */ = {isa = PBXFileReference; lastKnownFileType = file.storyboard; name = Base; path = Base.lproj/LaunchScreen.storyboard; sourceTree = "<group>"; };
		0FB9BA9B1F171E9000BC113B /* Youtube-video-listTests.xctest */ = {isa = PBXFileReference; explicitFileType = wrapper.cfbundle; includeInIndex = 0; path = "Youtube-video-listTests.xctest"; sourceTree = BUILT_PRODUCTS_DIR; };
		0FB9BA9F1F171E9000BC113B /* Youtube_video_listTests.swift */ = {isa = PBXFileReference; lastKnownFileType = sourcecode.swift; path = Youtube_video_listTests.swift; sourceTree = "<group>"; };
		0FB9BAA11F171E9000BC113B /* Info.plist */ = {isa = PBXFileReference; lastKnownFileType = text.plist.xml; path = Info.plist; sourceTree = "<group>"; };
		0FB9BAA61F171E9000BC113B /* Youtube-video-listUITests.xctest */ = {isa = PBXFileReference; explicitFileType = wrapper.cfbundle; includeInIndex = 0; path = "Youtube-video-listUITests.xctest"; sourceTree = BUILT_PRODUCTS_DIR; };
		0FB9BAAA1F171E9000BC113B /* Youtube_video_listUITests.swift */ = {isa = PBXFileReference; lastKnownFileType = sourcecode.swift; path = Youtube_video_listUITests.swift; sourceTree = "<group>"; };
		0FB9BAAC1F171E9000BC113B /* Info.plist */ = {isa = PBXFileReference; lastKnownFileType = text.plist.xml; path = Info.plist; sourceTree = "<group>"; };
		0FB9BAB81F172BB100BC113B /* Video.swift */ = {isa = PBXFileReference; fileEncoding = 4; lastKnownFileType = sourcecode.swift; path = Video.swift; sourceTree = "<group>"; };
		0FB9BABA1F172D9D00BC113B /* VideoModel.swift */ = {isa = PBXFileReference; fileEncoding = 4; lastKnownFileType = sourcecode.swift; path = VideoModel.swift; sourceTree = "<group>"; };
		0FF6A8781F191F7E0071AB61 /*  Info.plist */ = {isa = PBXFileReference; fileEncoding = 4; lastKnownFileType = text.plist.xml; path = " Info.plist"; sourceTree = "<group>"; };
/* End PBXFileReference section */

/* Begin PBXFrameworksBuildPhase section */
		0FB9BA841F171E9000BC113B /* Frameworks */ = {
			isa = PBXFrameworksBuildPhase;
			buildActionMask = 2147483647;
			files = (
			);
			runOnlyForDeploymentPostprocessing = 0;
		};
		0FB9BA981F171E9000BC113B /* Frameworks */ = {
			isa = PBXFrameworksBuildPhase;
			buildActionMask = 2147483647;
			files = (
			);
			runOnlyForDeploymentPostprocessing = 0;
		};
		0FB9BAA31F171E9000BC113B /* Frameworks */ = {
			isa = PBXFrameworksBuildPhase;
			buildActionMask = 2147483647;
			files = (
			);
			runOnlyForDeploymentPostprocessing = 0;
		};
/* End PBXFrameworksBuildPhase section */

/* Begin PBXGroup section */
		0FB9BA7E1F171E9000BC113B = {
			isa = PBXGroup;
			children = (
				0FB9BA891F171E9000BC113B /* Youtube-video-list */,
				0FB9BA9E1F171E9000BC113B /* Youtube-video-listTests */,
				0FB9BAA91F171E9000BC113B /* Youtube-video-listUITests */,
				0FB9BA881F171E9000BC113B /* Products */,
			);
			sourceTree = "<group>";
		};
		0FB9BA881F171E9000BC113B /* Products */ = {
			isa = PBXGroup;
			children = (
				0FB9BA871F171E9000BC113B /* Youtube-video-list.app */,
				0FB9BA9B1F171E9000BC113B /* Youtube-video-listTests.xctest */,
				0FB9BAA61F171E9000BC113B /* Youtube-video-listUITests.xctest */,
			);
			name = Products;
			sourceTree = "<group>";
		};
		0FB9BA891F171E9000BC113B /* Youtube-video-list */ = {
			isa = PBXGroup;
			children = (
				0FB9BA8A1F171E9000BC113B /* AppDelegate.swift */,
				0FB9BA8C1F171E9000BC113B /* ViewController.swift */,
				0F939B151F18997F00D6774B /* VideoDetailViewController.swift */,
				0F939B131F184BC100D6774B /* VideoTableViewCell.swift */,
				0FB9BAB81F172BB100BC113B /* Video.swift */,
				0FB9BABA1F172D9D00BC113B /* VideoModel.swift */,
				0FB9BA8E1F171E9000BC113B /* Main.storyboard */,
				0FF6A8781F191F7E0071AB61 /*  Info.plist */,
				0FB9BA911F171E9000BC113B /* Assets.xcassets */,
				0FB9BA931F171E9000BC113B /* LaunchScreen.storyboard */,
			);
			path = "Youtube-video-list";
			sourceTree = "<group>";
		};
		0FB9BA9E1F171E9000BC113B /* Youtube-video-listTests */ = {
			isa = PBXGroup;
			children = (
				0FB9BA9F1F171E9000BC113B /* Youtube_video_listTests.swift */,
				0FB9BAA11F171E9000BC113B /* Info.plist */,
			);
			path = "Youtube-video-listTests";
			sourceTree = "<group>";
		};
		0FB9BAA91F171E9000BC113B /* Youtube-video-listUITests */ = {
			isa = PBXGroup;
			children = (
				0FB9BAAA1F171E9000BC113B /* Youtube_video_listUITests.swift */,
				0FB9BAAC1F171E9000BC113B /* Info.plist */,
			);
			path = "Youtube-video-listUITests";
			sourceTree = "<group>";
		};
/* End PBXGroup section */

/* Begin PBXNativeTarget section */
		0FB9BA861F171E9000BC113B /* Youtube-video-list */ = {
			isa = PBXNativeTarget;
			buildConfigurationList = 0FB9BAAF1F171E9000BC113B /* Build configuration list for PBXNativeTarget "Youtube-video-list" */;
			buildPhases = (
				0FB9BA831F171E9000BC113B /* Sources */,
				0FB9BA841F171E9000BC113B /* Frameworks */,
				0FB9BA851F171E9000BC113B /* Resources */,
			);
			buildRules = (
			);
			dependencies = (
			);
			name = "Youtube-video-list";
			productName = "Youtube-video-list";
			productReference = 0FB9BA871F171E9000BC113B /* Youtube-video-list.app */;
			productType = "com.apple.product-type.application";
		};
		0FB9BA9A1F171E9000BC113B /* Youtube-video-listTests */ = {
			isa = PBXNativeTarget;
			buildConfigurationList = 0FB9BAB21F171E9000BC113B /* Build configuration list for PBXNativeTarget "Youtube-video-listTests" */;
			buildPhases = (
				0FB9BA971F171E9000BC113B /* Sources */,
				0FB9BA981F171E9000BC113B /* Frameworks */,
				0FB9BA991F171E9000BC113B /* Resources */,
			);
			buildRules = (
			);
			dependencies = (
				0FB9BA9D1F171E9000BC113B /* PBXTargetDependency */,
			);
			name = "Youtube-video-listTests";
			productName = "Youtube-video-listTests";
			productReference = 0FB9BA9B1F171E9000BC113B /* Youtube-video-listTests.xctest */;
			productType = "com.apple.product-type.bundle.unit-test";
		};
		0FB9BAA51F171E9000BC113B /* Youtube-video-listUITests */ = {
			isa = PBXNativeTarget;
			buildConfigurationList = 0FB9BAB51F171E9000BC113B /* Build configuration list for PBXNativeTarget "Youtube-video-listUITests" */;
			buildPhases = (
				0FB9BAA21F171E9000BC113B /* Sources */,
				0FB9BAA31F171E9000BC113B /* Frameworks */,
				0FB9BAA41F171E9000BC113B /* Resources */,
			);
			buildRules = (
			);
			dependencies = (
				0FB9BAA81F171E9000BC113B /* PBXTargetDependency */,
			);
			name = "Youtube-video-listUITests";
			productName = "Youtube-video-listUITests";
			productReference = 0FB9BAA61F171E9000BC113B /* Youtube-video-listUITests.xctest */;
			productType = "com.apple.product-type.bundle.ui-testing";
		};
/* End PBXNativeTarget section */

/* Begin PBXProject section */
		0FB9BA7F1F171E9000BC113B /* Project object */ = {
			isa = PBXProject;
			attributes = {
				LastSwiftUpdateCheck = 0830;
				LastUpgradeCheck = 0830;
				ORGANIZATIONNAME = "TaChyla Murray";
				TargetAttributes = {
					0FB9BA861F171E9000BC113B = {
						CreatedOnToolsVersion = 8.3.2;
						DevelopmentTeam = 7J746654A5;
						ProvisioningStyle = Automatic;
					};
					0FB9BA9A1F171E9000BC113B = {
						CreatedOnToolsVersion = 8.3.2;
						DevelopmentTeam = 7J746654A5;
						ProvisioningStyle = Automatic;
						TestTargetID = 0FB9BA861F171E9000BC113B;
					};
					0FB9BAA51F171E9000BC113B = {
						CreatedOnToolsVersion = 8.3.2;
						DevelopmentTeam = 7J746654A5;
						ProvisioningStyle = Automatic;
						TestTargetID = 0FB9BA861F171E9000BC113B;
					};
				};
			};
			buildConfigurationList = 0FB9BA821F171E9000BC113B /* Build configuration list for PBXProject "Youtube-video-list" */;
			compatibilityVersion = "Xcode 3.2";
			developmentRegion = English;
			hasScannedForEncodings = 0;
			knownRegions = (
				en,
				Base,
			);
			mainGroup = 0FB9BA7E1F171E9000BC113B;
			productRefGroup = 0FB9BA881F171E9000BC113B /* Products */;
			projectDirPath = "";
			projectRoot = "";
			targets = (
				0FB9BA861F171E9000BC113B /* Youtube-video-list */,
				0FB9BA9A1F171E9000BC113B /* Youtube-video-listTests */,
				0FB9BAA51F171E9000BC113B /* Youtube-video-listUITests */,
			);
		};
/* End PBXProject section */

/* Begin PBXResourcesBuildPhase section */
		0FB9BA851F171E9000BC113B /* Resources */ = {
			isa = PBXResourcesBuildPhase;
			buildActionMask = 2147483647;
			files = (
				0FB9BA951F171E9000BC113B /* LaunchScreen.storyboard in Resources */,
				0FB9BA921F171E9000BC113B /* Assets.xcassets in Resources */,
				0FB9BA901F171E9000BC113B /* Main.storyboard in Resources */,
			);
			runOnlyForDeploymentPostprocessing = 0;
		};
		0FB9BA991F171E9000BC113B /* Resources */ = {
			isa = PBXResourcesBuildPhase;
			buildActionMask = 2147483647;
			files = (
			);
			runOnlyForDeploymentPostprocessing = 0;
		};
		0FB9BAA41F171E9000BC113B /* Resources */ = {
			isa = PBXResourcesBuildPhase;
			buildActionMask = 2147483647;
			files = (
			);
			runOnlyForDeploymentPostprocessing = 0;
		};
/* End PBXResourcesBuildPhase section */

/* Begin PBXSourcesBuildPhase section */
		0FB9BA831F171E9000BC113B /* Sources */ = {
			isa = PBXSourcesBuildPhase;
			buildActionMask = 2147483647;
			files = (
				0FB9BA8D1F171E9000BC113B /* ViewController.swift in Sources */,
				0F939B161F18997F00D6774B /* VideoDetailViewController.swift in Sources */,
				0FB9BAB91F172BB100BC113B /* Video.swift in Sources */,
				0FB9BA8B1F171E9000BC113B /* AppDelegate.swift in Sources */,
				0FB9BABB1F172D9D00BC113B /* VideoModel.swift in Sources */,
				0F939B141F184BC100D6774B /* VideoTableViewCell.swift in Sources */,
			);
			runOnlyForDeploymentPostprocessing = 0;
		};
		0FB9BA971F171E9000BC113B /* Sources */ = {
			isa = PBXSourcesBuildPhase;
			buildActionMask = 2147483647;
			files = (
				0FB9BAA01F171E9000BC113B /* Youtube_video_listTests.swift in Sources */,
			);
			runOnlyForDeploymentPostprocessing = 0;
		};
		0FB9BAA21F171E9000BC113B /* Sources */ = {
			isa = PBXSourcesBuildPhase;
			buildActionMask = 2147483647;
			files = (
				0FB9BAAB1F171E9000BC113B /* Youtube_video_listUITests.swift in Sources */,
			);
			runOnlyForDeploymentPostprocessing = 0;
		};
/* End PBXSourcesBuildPhase section */

/* Begin PBXTargetDependency section */
		0FB9BA9D1F171E9000BC113B /* PBXTargetDependency */ = {
			isa = PBXTargetDependency;
			target = 0FB9BA861F171E9000BC113B /* Youtube-video-list */;
			targetProxy = 0FB9BA9C1F171E9000BC113B /* PBXContainerItemProxy */;
		};
		0FB9BAA81F171E9000BC113B /* PBXTargetDependency */ = {
			isa = PBXTargetDependency;
			target = 0FB9BA861F171E9000BC113B /* Youtube-video-list */;
			targetProxy = 0FB9BAA71F171E9000BC113B /* PBXContainerItemProxy */;
		};
/* End PBXTargetDependency section */

/* Begin PBXVariantGroup section */
		0FB9BA8E1F171E9000BC113B /* Main.storyboard */ = {
			isa = PBXVariantGroup;
			children = (
				0FB9BA8F1F171E9000BC113B /* Base */,
			);
			name = Main.storyboard;
			sourceTree = "<group>";
		};
		0FB9BA931F171E9000BC113B /* LaunchScreen.storyboard */ = {
			isa = PBXVariantGroup;
			children = (
				0FB9BA941F171E9000BC113B /* Base */,
			);
			name = LaunchScreen.storyboard;
			sourceTree = "<group>";
		};
/* End PBXVariantGroup section */

/* Begin XCBuildConfiguration section */
		0FB9BAAD1F171E9000BC113B /* Debug */ = {
			isa = XCBuildConfiguration;
			buildSettings = {
				ALWAYS_SEARCH_USER_PATHS = NO;
				CLANG_ANALYZER_NONNULL = YES;
				CLANG_ANALYZER_NUMBER_OBJECT_CONVERSION = YES_AGGRESSIVE;
				CLANG_CXX_LANGUAGE_STANDARD = "gnu++0x";
				CLANG_CXX_LIBRARY = "libc++";
				CLANG_ENABLE_MODULES = YES;
				CLANG_ENABLE_OBJC_ARC = YES;
				CLANG_WARN_BOOL_CONVERSION = YES;
				CLANG_WARN_CONSTANT_CONVERSION = YES;
				CLANG_WARN_DIRECT_OBJC_ISA_USAGE = YES_ERROR;
				CLANG_WARN_DOCUMENTATION_COMMENTS = YES;
				CLANG_WARN_EMPTY_BODY = YES;
				CLANG_WARN_ENUM_CONVERSION = YES;
				CLANG_WARN_INFINITE_RECURSION = YES;
				CLANG_WARN_INT_CONVERSION = YES;
				CLANG_WARN_OBJC_ROOT_CLASS = YES_ERROR;
				CLANG_WARN_SUSPICIOUS_MOVE = YES;
				CLANG_WARN_UNREACHABLE_CODE = YES;
				CLANG_WARN__DUPLICATE_METHOD_MATCH = YES;
				"CODE_SIGN_IDENTITY[sdk=iphoneos*]" = "iPhone Developer";
				COPY_PHASE_STRIP = NO;
				DEBUG_INFORMATION_FORMAT = dwarf;
				ENABLE_STRICT_OBJC_MSGSEND = YES;
				ENABLE_TESTABILITY = YES;
				GCC_C_LANGUAGE_STANDARD = gnu99;
				GCC_DYNAMIC_NO_PIC = NO;
				GCC_NO_COMMON_BLOCKS = YES;
				GCC_OPTIMIZATION_LEVEL = 0;
				GCC_PREPROCESSOR_DEFINITIONS = (
					"DEBUG=1",
					"$(inherited)",
				);
				GCC_WARN_64_TO_32_BIT_CONVERSION = YES;
				GCC_WARN_ABOUT_RETURN_TYPE = YES_ERROR;
				GCC_WARN_UNDECLARED_SELECTOR = YES;
				GCC_WARN_UNINITIALIZED_AUTOS = YES_AGGRESSIVE;
				GCC_WARN_UNUSED_FUNCTION = YES;
				GCC_WARN_UNUSED_VARIABLE = YES;
				IPHONEOS_DEPLOYMENT_TARGET = 10.3;
				MTL_ENABLE_DEBUG_INFO = YES;
				ONLY_ACTIVE_ARCH = YES;
				SDKROOT = iphoneos;
				SWIFT_ACTIVE_COMPILATION_CONDITIONS = DEBUG;
				SWIFT_OPTIMIZATION_LEVEL = "-Onone";
			};
			name = Debug;
		};
		0FB9BAAE1F171E9000BC113B /* Release */ = {
			isa = XCBuildConfiguration;
			buildSettings = {
				ALWAYS_SEARCH_USER_PATHS = NO;
				CLANG_ANALYZER_NONNULL = YES;
				CLANG_ANALYZER_NUMBER_OBJECT_CONVERSION = YES_AGGRESSIVE;
				CLANG_CXX_LANGUAGE_STANDARD = "gnu++0x";
				CLANG_CXX_LIBRARY = "libc++";
				CLANG_ENABLE_MODULES = YES;
				CLANG_ENABLE_OBJC_ARC = YES;
				CLANG_WARN_BOOL_CONVERSION = YES;
				CLANG_WARN_CONSTANT_CONVERSION = YES;
				CLANG_WARN_DIRECT_OBJC_ISA_USAGE = YES_ERROR;
				CLANG_WARN_DOCUMENTATION_COMMENTS = YES;
				CLANG_WARN_EMPTY_BODY = YES;
				CLANG_WARN_ENUM_CONVERSION = YES;
				CLANG_WARN_INFINITE_RECURSION = YES;
				CLANG_WARN_INT_CONVERSION = YES;
				CLANG_WARN_OBJC_ROOT_CLASS = YES_ERROR;
				CLANG_WARN_SUSPICIOUS_MOVE = YES;
				CLANG_WARN_UNREACHABLE_CODE = YES;
				CLANG_WARN__DUPLICATE_METHOD_MATCH = YES;
				"CODE_SIGN_IDENTITY[sdk=iphoneos*]" = "iPhone Developer";
				COPY_PHASE_STRIP = NO;
				DEBUG_INFORMATION_FORMAT = "dwarf-with-dsym";
				ENABLE_NS_ASSERTIONS = NO;
				ENABLE_STRICT_OBJC_MSGSEND = YES;
				GCC_C_LANGUAGE_STANDARD = gnu99;
				GCC_NO_COMMON_BLOCKS = YES;
				GCC_WARN_64_TO_32_BIT_CONVERSION = YES;
				GCC_WARN_ABOUT_RETURN_TYPE = YES_ERROR;
				GCC_WARN_UNDECLARED_SELECTOR = YES;
				GCC_WARN_UNINITIALIZED_AUTOS = YES_AGGRESSIVE;
				GCC_WARN_UNUSED_FUNCTION = YES;
				GCC_WARN_UNUSED_VARIABLE = YES;
				IPHONEOS_DEPLOYMENT_TARGET = 10.3;
				MTL_ENABLE_DEBUG_INFO = NO;
				SDKROOT = iphoneos;
				SWIFT_OPTIMIZATION_LEVEL = "-Owholemodule";
				VALIDATE_PRODUCT = YES;
			};
			name = Release;
		};
		0FB9BAB01F171E9000BC113B /* Debug */ = {
			isa = XCBuildConfiguration;
			buildSettings = {
				ASSETCATALOG_COMPILER_APPICON_NAME = AppIcon;
				DEVELOPMENT_TEAM = 7J746654A5;
				INFOPLIST_FILE = "$(SRCROOT)/Youtube-video-list/ Info.plist";
				LD_RUNPATH_SEARCH_PATHS = "$(inherited) @executable_path/Frameworks";
				PRODUCT_BUNDLE_IDENTIFIER = "edu.TaChylaMurray.HelloMap.Youtube-video-list";
				PRODUCT_NAME = "$(TARGET_NAME)";
				SWIFT_VERSION = 3.0;
			};
			name = Debug;
		};
		0FB9BAB11F171E9000BC113B /* Release */ = {
			isa = XCBuildConfiguration;
			buildSettings = {
				ASSETCATALOG_COMPILER_APPICON_NAME = AppIcon;
				DEVELOPMENT_TEAM = 7J746654A5;
				INFOPLIST_FILE = "$(SRCROOT)/Youtube-video-list/ Info.plist";
				LD_RUNPATH_SEARCH_PATHS = "$(inherited) @executable_path/Frameworks";
				PRODUCT_BUNDLE_IDENTIFIER = "edu.TaChylaMurray.HelloMap.Youtube-video-list";
				PRODUCT_NAME = "$(TARGET_NAME)";
				SWIFT_VERSION = 3.0;
			};
			name = Release;
		};
		0FB9BAB31F171E9000BC113B /* Debug */ = {
			isa = XCBuildConfiguration;
			buildSettings = {
				ALWAYS_EMBED_SWIFT_STANDARD_LIBRARIES = YES;
				BUNDLE_LOADER = "$(TEST_HOST)";
				DEVELOPMENT_TEAM = 7J746654A5;
				INFOPLIST_FILE = "Youtube-video-listTests/Info.plist";
				LD_RUNPATH_SEARCH_PATHS = "$(inherited) @executable_path/Frameworks @loader_path/Frameworks";
				PRODUCT_BUNDLE_IDENTIFIER = "edu.TaChylaMurray.HelloMap.Youtube-video-listTests";
				PRODUCT_NAME = "$(TARGET_NAME)";
				SWIFT_VERSION = 3.0;
				TEST_HOST = "$(BUILT_PRODUCTS_DIR)/Youtube-video-list.app/Youtube-video-list";
			};
			name = Debug;
		};
		0FB9BAB41F171E9000BC113B /* Release */ = {
			isa = XCBuildConfiguration;
			buildSettings = {
				ALWAYS_EMBED_SWIFT_STANDARD_LIBRARIES = YES;
				BUNDLE_LOADER = "$(TEST_HOST)";
				DEVELOPMENT_TEAM = 7J746654A5;
				INFOPLIST_FILE = "Youtube-video-listTests/Info.plist";
				LD_RUNPATH_SEARCH_PATHS = "$(inherited) @executable_path/Frameworks @loader_path/Frameworks";
				PRODUCT_BUNDLE_IDENTIFIER = "edu.TaChylaMurray.HelloMap.Youtube-video-listTests";
				PRODUCT_NAME = "$(TARGET_NAME)";
				SWIFT_VERSION = 3.0;
				TEST_HOST = "$(BUILT_PRODUCTS_DIR)/Youtube-video-list.app/Youtube-video-list";
			};
			name = Release;
		};
		0FB9BAB61F171E9000BC113B /* Debug */ = {
			isa = XCBuildConfiguration;
			buildSettings = {
				ALWAYS_EMBED_SWIFT_STANDARD_LIBRARIES = YES;
				DEVELOPMENT_TEAM = 7J746654A5;
				INFOPLIST_FILE = "Youtube-video-listUITests/Info.plist";
				LD_RUNPATH_SEARCH_PATHS = "$(inherited) @executable_path/Frameworks @loader_path/Frameworks";
				PRODUCT_BUNDLE_IDENTIFIER = "edu.TaChylaMurray.HelloMap.Youtube-video-listUITests";
				PRODUCT_NAME = "$(TARGET_NAME)";
				SWIFT_VERSION = 3.0;
				TEST_TARGET_NAME = "Youtube-video-list";
			};
			name = Debug;
		};
		0FB9BAB71F171E9000BC113B /* Release */ = {
			isa = XCBuildConfiguration;
			buildSettings = {
				ALWAYS_EMBED_SWIFT_STANDARD_LIBRARIES = YES;
				DEVELOPMENT_TEAM = 7J746654A5;
				INFOPLIST_FILE = "Youtube-video-listUITests/Info.plist";
				LD_RUNPATH_SEARCH_PATHS = "$(inherited) @executable_path/Frameworks @loader_path/Frameworks";
				PRODUCT_BUNDLE_IDENTIFIER = "edu.TaChylaMurray.HelloMap.Youtube-video-listUITests";
				PRODUCT_NAME = "$(TARGET_NAME)";
				SWIFT_VERSION = 3.0;
				TEST_TARGET_NAME = "Youtube-video-list";
			};
			name = Release;
		};
/* End XCBuildConfiguration section */

/* Begin XCConfigurationList section */
		0FB9BA821F171E9000BC113B /* Build configuration list for PBXProject "Youtube-video-list" */ = {
			isa = XCConfigurationList;
			buildConfigurations = (
				0FB9BAAD1F171E9000BC113B /* Debug */,
				0FB9BAAE1F171E9000BC113B /* Release */,
			);
			defaultConfigurationIsVisible = 0;
			defaultConfigurationName = Release;
		};
		0FB9BAAF1F171E9000BC113B /* Build configuration list for PBXNativeTarget "Youtube-video-list" */ = {
			isa = XCConfigurationList;
			buildConfigurations = (
				0FB9BAB01F171E9000BC113B /* Debug */,
				0FB9BAB11F171E9000BC113B /* Release */,
			);
			defaultConfigurationIsVisible = 0;
			defaultConfigurationName = Release;
		};
		0FB9BAB21F171E9000BC113B /* Build configuration list for PBXNativeTarget "Youtube-video-listTests" */ = {
			isa = XCConfigurationList;
			buildConfigurations = (
				0FB9BAB31F171E9000BC113B /* Debug */,
				0FB9BAB41F171E9000BC113B /* Release */,
			);
			defaultConfigurationIsVisible = 0;
			defaultConfigurationName = Release;
		};
		0FB9BAB51F171E9000BC113B /* Build configuration list for PBXNativeTarget "Youtube-video-listUITests" */ = {
			isa = XCConfigurationList;
			buildConfigurations = (
				0FB9BAB61F171E9000BC113B /* Debug */,
				0FB9BAB71F171E9000BC113B /* Release */,
			);
			defaultConfigurationIsVisible = 0;
			defaultConfigurationName = Release;
		};
/* End XCConfigurationList section */
	};
	rootObject = 0FB9BA7F1F171E9000BC113B /* Project object */;
}
